
Microsoft Visual Studio Solution File, Format Version 12.00
# Visual Studio Version 16
VisualStudioVersion = 16.0.30225.117
MinimumVisualStudioVersion = 10.0.40219.1
Project("{FAE04EC0-301F-11D3-BF4B-00C04F79EFBC}") = "splitPartsMaster", "splitPartsMaster\splitPartsMaster.csproj", "{9DE24498-48BC-4D20-857D-5CC4448A0DE8}"
EndProject
Global
	GlobalSection(SolutionConfigurationPlatforms) = preSolution
		Debug|Any CPU = Debug|Any CPU
		Release|Any CPU = Release|Any CPU
	EndGlobalSection
	GlobalSection(ProjectConfigurationPlatforms) = postSolution
		{9DE24498-48BC-4D20-857D-5CC4448A0DE8}.Debug|Any CPU.ActiveCfg = Debug|Any CPU
		{9DE24498-48BC-4D20-857D-5CC4448A0DE8}.Debug|Any CPU.Build.0 = Debug|Any CPU
		{9DE24498-48BC-4D20-857D-5CC4448A0DE8}.Release|Any CPU.ActiveCfg = Release|Any CPU
		{9DE24498-48BC-4D20-857D-5CC4448A0DE8}.Release|Any CPU.Build.0 = Release|Any CPU
	EndGlobalSection
	GlobalSection(SolutionProperties) = preSolution
		HideSolutionNode = FALSE
	EndGlobalSection
	GlobalSection(ExtensibilityGlobals) = postSolution
		SolutionGuid = {BEE70926-0F2C-4BBA-AB4A-C04557A66E5A}
	EndGlobalSection
EndGlobal
